
Microsoft Visual Studio Solution File, Format Version 12.00
# Visual Studio Version 17
VisualStudioVersion = 17.10.35027.167
MinimumVisualStudioVersion = 10.0.40219.1
Project("{FAE04EC0-301F-11D3-BF4B-00C04F79EFBC}") = "yp02", "yp02\yp02.csproj", "{54B4EF1C-CA1C-4341-9DA6-BD0BBC4B03EC}"
EndProject
Global
	GlobalSection(SolutionConfigurationPlatforms) = preSolution
		Debug|Any CPU = Debug|Any CPU
		Release|Any CPU = Release|Any CPU
	EndGlobalSection
	GlobalSection(ProjectConfigurationPlatforms) = postSolution
		{54B4EF1C-CA1C-4341-9DA6-BD0BBC4B03EC}.Debug|Any CPU.ActiveCfg = Debug|Any CPU
		{54B4EF1C-CA1C-4341-9DA6-BD0BBC4B03EC}.Debug|Any CPU.Build.0 = Debug|Any CPU
		{54B4EF1C-CA1C-4341-9DA6-BD0BBC4B03EC}.Release|Any CPU.ActiveCfg = Release|Any CPU
		{54B4EF1C-CA1C-4341-9DA6-BD0BBC4B03EC}.Release|Any CPU.Build.0 = Release|Any CPU
	EndGlobalSection
	GlobalSection(SolutionProperties) = preSolution
		HideSolutionNode = FALSE
	EndGlobalSection
	GlobalSection(ExtensibilityGlobals) = postSolution
		SolutionGuid = {073B834B-17B0-40B9-BDC9-A237582ADE05}
	EndGlobalSection
EndGlobal
